
Microsoft Visual Studio Solution File, Format Version 12.00
# Visual Studio Version 16
VisualStudioVersion = 16.0.31321.278
MinimumVisualStudioVersion = 10.0.40219.1
Project("{FAE04EC0-301F-11D3-BF4B-00C04F79EFBC}") = "Lesson-7", "Lesson-7.csproj", "{A4985644-1BB5-4942-97A7-7DA306B282BA}"
EndProject
Global
	GlobalSection(SolutionConfigurationPlatforms) = preSolution
		Debug|Any CPU = Debug|Any CPU
		Release|Any CPU = Release|Any CPU
	EndGlobalSection
	GlobalSection(ProjectConfigurationPlatforms) = postSolution
		{A4985644-1BB5-4942-97A7-7DA306B282BA}.Debug|Any CPU.ActiveCfg = Debug|Any CPU
		{A4985644-1BB5-4942-97A7-7DA306B282BA}.Debug|Any CPU.Build.0 = Debug|Any CPU
		{A4985644-1BB5-4942-97A7-7DA306B282BA}.Release|Any CPU.ActiveCfg = Release|Any CPU
		{A4985644-1BB5-4942-97A7-7DA306B282BA}.Release|Any CPU.Build.0 = Release|Any CPU
	EndGlobalSection
	GlobalSection(SolutionProperties) = preSolution
		HideSolutionNode = FALSE
	EndGlobalSection
	GlobalSection(ExtensibilityGlobals) = postSolution
		SolutionGuid = {397CB87A-5896-4C6C-88EA-6E49837E7E44}
	EndGlobalSection
EndGlobal
