
Microsoft Visual Studio Solution File, Format Version 12.00
# Visual Studio Version 16
VisualStudioVersion = 16.0.31321.278
MinimumVisualStudioVersion = 10.0.40219.1
Project("{FAE04EC0-301F-11D3-BF4B-00C04F79EFBC}") = "Lesson-2_Exercise-1", "Lesson-2_Exercise-1.csproj", "{A3F0898E-327D-420A-A1EE-0E6E20A43FBB}"
EndProject
Global
	GlobalSection(SolutionConfigurationPlatforms) = preSolution
		Debug|Any CPU = Debug|Any CPU
		Release|Any CPU = Release|Any CPU
	EndGlobalSection
	GlobalSection(ProjectConfigurationPlatforms) = postSolution
		{A3F0898E-327D-420A-A1EE-0E6E20A43FBB}.Debug|Any CPU.ActiveCfg = Debug|Any CPU
		{A3F0898E-327D-420A-A1EE-0E6E20A43FBB}.Debug|Any CPU.Build.0 = Debug|Any CPU
		{A3F0898E-327D-420A-A1EE-0E6E20A43FBB}.Release|Any CPU.ActiveCfg = Release|Any CPU
		{A3F0898E-327D-420A-A1EE-0E6E20A43FBB}.Release|Any CPU.Build.0 = Release|Any CPU
	EndGlobalSection
	GlobalSection(SolutionProperties) = preSolution
		HideSolutionNode = FALSE
	EndGlobalSection
	GlobalSection(ExtensibilityGlobals) = postSolution
		SolutionGuid = {DA242AC3-8441-446D-BD3D-8295A8A7A775}
	EndGlobalSection
EndGlobal
