
Microsoft Visual Studio Solution File, Format Version 12.00
# Visual Studio Version 16
VisualStudioVersion = 16.0.31321.278
MinimumVisualStudioVersion = 10.0.40219.1
Project("{FAE04EC0-301F-11D3-BF4B-00C04F79EFBC}") = "Lesson-6_TaskManager", "Lesson-6_TaskManager.csproj", "{98946334-F115-40A5-BB06-D6267F3ECF33}"
EndProject
Global
	GlobalSection(SolutionConfigurationPlatforms) = preSolution
		Debug|Any CPU = Debug|Any CPU
		Release|Any CPU = Release|Any CPU
	EndGlobalSection
	GlobalSection(ProjectConfigurationPlatforms) = postSolution
		{98946334-F115-40A5-BB06-D6267F3ECF33}.Debug|Any CPU.ActiveCfg = Debug|Any CPU
		{98946334-F115-40A5-BB06-D6267F3ECF33}.Debug|Any CPU.Build.0 = Debug|Any CPU
		{98946334-F115-40A5-BB06-D6267F3ECF33}.Release|Any CPU.ActiveCfg = Release|Any CPU
		{98946334-F115-40A5-BB06-D6267F3ECF33}.Release|Any CPU.Build.0 = Release|Any CPU
	EndGlobalSection
	GlobalSection(SolutionProperties) = preSolution
		HideSolutionNode = FALSE
	EndGlobalSection
	GlobalSection(ExtensibilityGlobals) = postSolution
		SolutionGuid = {BC4076E9-03D8-47C4-8CFA-01D834AB6D5A}
	EndGlobalSection
EndGlobal
